{
  "requires": true,
  "lockfileVersion": 1,
  "dependencies": {
    "moment-business-days": {
      "version": "1.2.0",
      "resolved": "https://registry.npmjs.org/moment-business-days/-/moment-business-days-1.2.0.tgz",
      "integrity": "sha512-QJlceLfMSxy/jZSOgJYCKeKw+qGYHj8W0jMa/fYruyoJ85+bJuLRiYv5DIaflyuRipmYRfD4kDlSwVYteLN+Jw=="
    }
  }
}
